
Microsoft Visual Studio Solution File, Format Version 12.00
# Visual Studio Version 16
VisualStudioVersion = 16.0.31019.35
MinimumVisualStudioVersion = 10.0.40219.1
Project("{FAE04EC0-301F-11D3-BF4B-00C04F79EFBC}") = "ConsoleApp", "ConsoleApp\ConsoleApp.csproj", "{16D73D92-40C6-4613-B95E-2AAB6F5B6B9C}"
EndProject
Global
	GlobalSection(SolutionConfigurationPlatforms) = preSolution
		Debug|Any CPU = Debug|Any CPU
		Release|Any CPU = Release|Any CPU
	EndGlobalSection
	GlobalSection(ProjectConfigurationPlatforms) = postSolution
		{16D73D92-40C6-4613-B95E-2AAB6F5B6B9C}.Debug|Any CPU.ActiveCfg = Debug|Any CPU
		{16D73D92-40C6-4613-B95E-2AAB6F5B6B9C}.Debug|Any CPU.Build.0 = Debug|Any CPU
		{16D73D92-40C6-4613-B95E-2AAB6F5B6B9C}.Release|Any CPU.ActiveCfg = Release|Any CPU
		{16D73D92-40C6-4613-B95E-2AAB6F5B6B9C}.Release|Any CPU.Build.0 = Release|Any CPU
	EndGlobalSection
	GlobalSection(SolutionProperties) = preSolution
		HideSolutionNode = FALSE
	EndGlobalSection
	GlobalSection(ExtensibilityGlobals) = postSolution
		SolutionGuid = {FC1CB051-4538-43EF-A933-60D3798F9F78}
	EndGlobalSection
EndGlobal
